
Microsoft Visual Studio Solution File, Format Version 12.00
# Visual Studio 15
Project("{FAE04EC0-301F-11D3-BF4B-00C04F79EFBC}") = "Assembly-CSharp", "Assembly-CSharp.csproj", "{AAE0E367-E27F-F40A-17B6-32AA30D1CF44}"
EndProject
Global
	GlobalSection(SolutionConfigurationPlatforms) = preSolution
		Debug|Any CPU = Debug|Any CPU
		Release|Any CPU = Release|Any CPU
	EndGlobalSection
	GlobalSection(ProjectConfigurationPlatforms) = postSolution
		{AAE0E367-E27F-F40A-17B6-32AA30D1CF44}.Debug|Any CPU.ActiveCfg = Debug|Any CPU
		{AAE0E367-E27F-F40A-17B6-32AA30D1CF44}.Debug|Any CPU.Build.0 = Debug|Any CPU
		{AAE0E367-E27F-F40A-17B6-32AA30D1CF44}.Release|Any CPU.ActiveCfg = Release|Any CPU
		{AAE0E367-E27F-F40A-17B6-32AA30D1CF44}.Release|Any CPU.Build.0 = Release|Any CPU
	EndGlobalSection
	GlobalSection(SolutionProperties) = preSolution
		HideSolutionNode = FALSE
	EndGlobalSection
EndGlobal
